
Microsoft Visual Studio Solution File, Format Version 12.00
# Visual Studio Version 17
VisualStudioVersion = 17.8.34408.163
MinimumVisualStudioVersion = 10.0.40219.1
Project("{FAE04EC0-301F-11D3-BF4B-00C04F79EFBC}") = "WindowsFormsApp1", "WindowsFormsApp1\WindowsFormsApp1.csproj", "{6E64C1CF-E367-4D11-897F-EA90540BE218}"
EndProject
Global
	GlobalSection(SolutionConfigurationPlatforms) = preSolution
		Debug|Any CPU = Debug|Any CPU
		Release|Any CPU = Release|Any CPU
	EndGlobalSection
	GlobalSection(ProjectConfigurationPlatforms) = postSolution
		{6E64C1CF-E367-4D11-897F-EA90540BE218}.Debug|Any CPU.ActiveCfg = Debug|Any CPU
		{6E64C1CF-E367-4D11-897F-EA90540BE218}.Debug|Any CPU.Build.0 = Debug|Any CPU
		{6E64C1CF-E367-4D11-897F-EA90540BE218}.Release|Any CPU.ActiveCfg = Release|Any CPU
		{6E64C1CF-E367-4D11-897F-EA90540BE218}.Release|Any CPU.Build.0 = Release|Any CPU
	EndGlobalSection
	GlobalSection(SolutionProperties) = preSolution
		HideSolutionNode = FALSE
	EndGlobalSection
	GlobalSection(ExtensibilityGlobals) = postSolution
		SolutionGuid = {276051C7-79FA-4A4F-900E-301C17D68E70}
	EndGlobalSection
EndGlobal
